
Microsoft Visual Studio Solution File, Format Version 12.00
# Visual Studio Version 16
VisualStudioVersion = 16.0.29424.173
MinimumVisualStudioVersion = 10.0.40219.1
Project("{9A19103F-16F7-4668-BE54-9A1E7A4F7556}") = "AdventOfCode2019", "lib\AdventOfCode2019.csproj", "{51D79A8F-DA61-417F-B365-B7F125F688E1}"
EndProject
Project("{9A19103F-16F7-4668-BE54-9A1E7A4F7556}") = "AdventOfCode2019.Tests", "test\AdventOfCode2019.Tests.csproj", "{D1CD8455-BF7C-4668-AAC8-DF6A34910782}"
EndProject
Global
	GlobalSection(SolutionConfigurationPlatforms) = preSolution
		Debug|Any CPU = Debug|Any CPU
		Release|Any CPU = Release|Any CPU
	EndGlobalSection
	GlobalSection(ProjectConfigurationPlatforms) = postSolution
		{51D79A8F-DA61-417F-B365-B7F125F688E1}.Debug|Any CPU.ActiveCfg = Debug|Any CPU
		{51D79A8F-DA61-417F-B365-B7F125F688E1}.Debug|Any CPU.Build.0 = Debug|Any CPU
		{51D79A8F-DA61-417F-B365-B7F125F688E1}.Release|Any CPU.ActiveCfg = Release|Any CPU
		{51D79A8F-DA61-417F-B365-B7F125F688E1}.Release|Any CPU.Build.0 = Release|Any CPU
		{D1CD8455-BF7C-4668-AAC8-DF6A34910782}.Debug|Any CPU.ActiveCfg = Debug|Any CPU
		{D1CD8455-BF7C-4668-AAC8-DF6A34910782}.Debug|Any CPU.Build.0 = Debug|Any CPU
		{D1CD8455-BF7C-4668-AAC8-DF6A34910782}.Release|Any CPU.ActiveCfg = Release|Any CPU
		{D1CD8455-BF7C-4668-AAC8-DF6A34910782}.Release|Any CPU.Build.0 = Release|Any CPU
	EndGlobalSection
	GlobalSection(SolutionProperties) = preSolution
		HideSolutionNode = FALSE
	EndGlobalSection
	GlobalSection(ExtensibilityGlobals) = postSolution
		SolutionGuid = {872E95CB-655B-4597-B862-191B3E6E9B91}
	EndGlobalSection
EndGlobal
